# Generated by pub
# See https://dart.dev/tools/pub/glossary#lockfile
packages:
  async:
    dependency: transitive
    description:
      name: async
      url: "http://localhost:4000"
    source: hosted
    version: "2.8.2"
  boolean_selector:
    dependency: transitive
    description:
      name: boolean_selector
      url: "http://localhost:4000"
    source: hosted
    version: "2.1.0"
  characters:
    dependency: transitive
    description:
      name: characters
      url: "http://localhost:4000"
    source: hosted
    version: "1.2.0"
  charcode:
    dependency: transitive
    description:
      name: charcode
      url: "http://localhost:4000"
    source: hosted
    version: "1.3.1"
  clock:
    dependency: transitive
    description:
      name: clock
      url: "http://localhost:4000"
    source: hosted
    version: "1.1.0"
  collection:
    dependency: "direct main"
    description:
      name: collection
      url: "http://localhost:4000"
    source: hosted
    version: "1.15.0"
  crypto:
    dependency: transitive
    description:
      name: crypto
      url: "http://localhost:4000"
    source: hosted
    version: "3.0.2"
  cupertino_icons:
    dependency: "direct main"
    description:
      name: cupertino_icons
      url: "http://localhost:4000"
    source: hosted
    version: "1.0.4"
  fake_async:
    dependency: transitive
    description:
      name: fake_async
      url: "http://localhost:4000"
    source: hosted
    version: "1.2.0"
  ffi:
    dependency: transitive
    description:
      name: ffi
      url: "http://localhost:4000"
    source: hosted
    version: "1.1.2"
  file:
    dependency: transitive
    description:
      name: file
      url: "http://localhost:4000"
    source: hosted
    version: "6.1.2"
  flutter:
    dependency: "direct main"
    description: flutter
    source: sdk
    version: "0.0.0"
  flutter_lints:
    dependency: "direct dev"
    description:
      name: flutter_lints
      url: "http://localhost:4000"
    source: hosted
    version: "1.0.4"
  flutter_monet_theme:
    dependency: transitive
    description:
      name: flutter_monet_theme
      url: "http://localhost:4000"
    source: hosted
    version: "0.4.2"
  flutter_test:
    dependency: "direct dev"
    description: flutter
    source: sdk
    version: "0.0.0"
  hive:
    dependency: "direct main"
    description:
      name: hive
      url: "http://localhost:4000"
    source: hosted
    version: "2.1.0"
  lints:
    dependency: transitive
    description:
      name: lints
      url: "http://localhost:4000"
    source: hosted
    version: "1.0.1"
  matcher:
    dependency: transitive
    description:
      name: matcher
      url: "http://localhost:4000"
    source: hosted
    version: "0.12.11"
  material_color_utilities:
    dependency: transitive
    description:
      name: material_color_utilities
      url: "http://localhost:4000"
    source: hosted
    version: "0.1.3"
  material_widgets:
    dependency: "direct main"
    description:
      name: material_widgets
      url: "http://localhost:4000"
    source: hosted
    version: "0.4.0-preview.6"
  material_you:
    dependency: transitive
    description:
      name: material_you
      url: "http://localhost:4000"
    source: hosted
    version: "0.0.27"
  meta:
    dependency: transitive
    description:
      name: meta
      url: "http://localhost:4000"
    source: hosted
    version: "1.7.0"
  monet_theme:
    dependency: transitive
    description:
      name: monet_theme
      url: "http://localhost:4000"
    source: hosted
    version: "0.4.0"
  palette_from_wallpaper:
    dependency: transitive
    description:
      name: palette_from_wallpaper
      url: "http://localhost:4000"
    source: hosted
    version: "0.1.5"
  path:
    dependency: transitive
    description:
      name: path
      url: "http://localhost:4000"
    source: hosted
    version: "1.8.1"
  path_provider:
    dependency: "direct main"
    description:
      name: path_provider
      url: "http://localhost:4000"
    source: hosted
    version: "2.0.9"
  path_provider_android:
    dependency: transitive
    description:
      name: path_provider_android
      url: "http://localhost:4000"
    source: hosted
    version: "2.0.13"
  path_provider_ios:
    dependency: transitive
    description:
      name: path_provider_ios
      url: "http://localhost:4000"
    source: hosted
    version: "2.0.8"
  path_provider_linux:
    dependency: transitive
    description:
      name: path_provider_linux
      url: "http://localhost:4000"
    source: hosted
    version: "2.1.5"
  path_provider_macos:
    dependency: transitive
    description:
      name: path_provider_macos
      url: "http://localhost:4000"
    source: hosted
    version: "2.0.5"
  path_provider_platform_interface:
    dependency: transitive
    description:
      name: path_provider_platform_interface
      url: "http://localhost:4000"
    source: hosted
    version: "2.0.3"
  path_provider_windows:
    dependency: transitive
    description:
      name: path_provider_windows
      url: "http://localhost:4000"
    source: hosted
    version: "2.0.5"
  platform:
    dependency: transitive
    description:
      name: platform
      url: "http://localhost:4000"
    source: hosted
    version: "3.1.0"
  plugin_platform_interface:
    dependency: transitive
    description:
      name: plugin_platform_interface
      url: "http://localhost:4000"
    source: hosted
    version: "2.1.2"
  process:
    dependency: transitive
    description:
      name: process
      url: "http://localhost:4000"
    source: hosted
    version: "4.2.4"
  quiver:
    dependency: transitive
    description:
      name: quiver
      url: "http://localhost:4000"
    source: hosted
    version: "3.1.0"
  shape_theme_switcher:
    dependency: transitive
    description:
      name: shape_theme_switcher
      url: "http://localhost:4000"
    source: hosted
    version: "0.0.3"
  sky_engine:
    dependency: transitive
    description: flutter
    source: sdk
    version: "0.0.99"
  smooth_page_indicator:
    dependency: transitive
    description:
      name: smooth_page_indicator
      url: "http://localhost:4000"
    source: hosted
    version: "1.0.0+2"
  source_span:
    dependency: transitive
    description:
      name: source_span
      url: "http://localhost:4000"
    source: hosted
    version: "1.8.1"
  stack_trace:
    dependency: transitive
    description:
      name: stack_trace
      url: "http://localhost:4000"
    source: hosted
    version: "1.10.0"
  stream_channel:
    dependency: transitive
    description:
      name: stream_channel
      url: "http://localhost:4000"
    source: hosted
    version: "2.1.0"
  string_scanner:
    dependency: transitive
    description:
      name: string_scanner
      url: "http://localhost:4000"
    source: hosted
    version: "1.1.0"
  sudoku_core:
    dependency: "direct main"
    description:
      path: "../../sudoku/sudoku_core"
      relative: true
    source: path
    version: "0.0.0"
  synchronized:
    dependency: "direct main"
    description:
      name: synchronized
      url: "http://localhost:4000"
    source: hosted
    version: "3.0.0+2"
  term_glyph:
    dependency: transitive
    description:
      name: term_glyph
      url: "http://localhost:4000"
    source: hosted
    version: "1.2.0"
  test_api:
    dependency: transitive
    description:
      name: test_api
      url: "http://localhost:4000"
    source: hosted
    version: "0.4.9"
  tuple:
    dependency: transitive
    description:
      name: tuple
      url: "http://localhost:4000"
    source: hosted
    version: "2.0.0"
  typed_data:
    dependency: transitive
    description:
      name: typed_data
      url: "http://localhost:4000"
    source: hosted
    version: "1.3.0"
  utils:
    dependency: "direct main"
    description:
      name: utils
      url: "http://localhost:4000"
    source: hosted
    version: "2.0.1"
  value_notifier:
    dependency: "direct main"
    description:
      name: value_notifier
      url: "http://localhost:4000"
    source: hosted
    version: "0.0.2-prerelease.16"
  vector_math:
    dependency: transitive
    description:
      name: vector_math
      url: "http://localhost:4000"
    source: hosted
    version: "2.1.1"
  win32:
    dependency: transitive
    description:
      name: win32
      url: "http://localhost:4000"
    source: hosted
    version: "2.5.2"
  xdg_directories:
    dependency: transitive
    description:
      name: xdg_directories
      url: "http://localhost:4000"
    source: hosted
    version: "0.2.0+1"
sdks:
  dart: ">=2.16.0-154.0.dev <3.0.0"
  flutter: ">=2.8.1"
